{
  "name": "osha-news",
  "version": "1.0.0",
  "lockfileVersion": 3,
  "requires": true,
  "packages": {
    "": {
      "name": "osha-news",
      "version": "1.0.0",
      "hasInstallScript": true,
      "license": "ISC",
      "dependencies": {
        "@azure/msal-browser": "^3.11.1",
        "@azure/msal-react": "^2.0.14"
      }
    },
    "node_modules/@azure/msal-browser": {
      "version": "3.11.1",
      "resolved": "https://registry.npmjs.org/@azure/msal-browser/-/msal-browser-3.11.1.tgz",
      "integrity": "sha512-tZFJnP5ZpgkmazSriEDW+Xl3/4WI823uhnYhWCHPkGywFWEZoPA5VkiCK8x4x8ECXp3mGr5qEI82MU43PBiaKA==",
      "dependencies": {
        "@azure/msal-common": "14.8.1"
      },
      "engines": {
        "node": ">=0.8.0"
      }
    },
    "node_modules/@azure/msal-common": {
      "version": "14.8.1",
      "resolved": "https://registry.npmjs.org/@azure/msal-common/-/msal-common-14.8.1.tgz",
      "integrity": "sha512-9HfBMDTIgtFFkils+o6gO/aGEoLLuc4z+QLLfhy/T1bTNPiVsX/9CjaBPMZGnMltN/IlMkU5SGGNggGh55p5xA==",
      "engines": {
        "node": ">=0.8.0"
      }
    },
    "node_modules/@azure/msal-react": {
      "version": "2.0.14",
      "resolved": "https://registry.npmjs.org/@azure/msal-react/-/msal-react-2.0.14.tgz",
      "integrity": "sha512-12FcC6e+JRrRI8JMX8KmFNd2s9e41YFDGwuYd9UWpg4AmE+ojBRdYrO0Vau6DuxFq0/+yM1Qa//VTXYV6z5l4g==",
      "engines": {
        "node": ">=10"
      },
      "peerDependencies": {
        "@azure/msal-browser": "^3.11.1",
        "react": "^16.8.0 || ^17 || ^18"
      }
    },
    "node_modules/js-tokens": {
      "version": "4.0.0",
      "resolved": "https://registry.npmjs.org/js-tokens/-/js-tokens-4.0.0.tgz",
      "integrity": "sha512-RdJUflcE3cUzKiMqQgsCu06FPu9UdIJO0beYbPhHN4k6apgJtifcoCtT9bcxOpYBtpD2kCM6Sbzg4CausW/PKQ==",
      "peer": true
    },
    "node_modules/loose-envify": {
      "version": "1.4.0",
      "resolved": "https://registry.npmjs.org/loose-envify/-/loose-envify-1.4.0.tgz",
      "integrity": "sha512-lyuxPGr/Wfhrlem2CL/UcnUc1zcqKAImBDzukY7Y5F/yQiNdko6+fRLevlw1HgMySw7f611UIY408EtxRSoK3Q==",
      "peer": true,
      "dependencies": {
        "js-tokens": "^3.0.0 || ^4.0.0"
      },
      "bin": {
        "loose-envify": "cli.js"
      }
    },
    "node_modules/react": {
      "version": "18.2.0",
      "resolved": "https://registry.npmjs.org/react/-/react-18.2.0.tgz",
      "integrity": "sha512-/3IjMdb2L9QbBdWiW5e3P2/npwMBaU9mHCSCUzNln0ZCYbcfTsGbTJrU/kGemdH2IWmB2ioZ+zkxtmq6g09fGQ==",
      "peer": true,
      "dependencies": {
        "loose-envify": "^1.1.0"
      },
      "engines": {
        "node": ">=0.10.0"
      }
    }
  }
}
